
Microsoft Visual Studio Solution File, Format Version 12.00
# Visual Studio 15
VisualStudioVersion = 15.0.27130.2027
MinimumVisualStudioVersion = 10.0.40219.1
Project("{FAE04EC0-301F-11D3-BF4B-00C04F79EFBC}") = "ScriptPlayer", "ScriptPlayer\ScriptPlayer.csproj", "{9B1B8C89-4AFE-47D4-B834-41673A672DDE}"
EndProject
Project("{FAE04EC0-301F-11D3-BF4B-00C04F79EFBC}") = "ScriptPlayer.BeatEditor", "ScriptPlayer.BeatEditor\ScriptPlayer.BeatEditor.csproj", "{E84B3690-356B-4916-BE6F-859C0D893B0D}"
EndProject
Project("{FAE04EC0-301F-11D3-BF4B-00C04F79EFBC}") = "ScriptPlayer.Shared", "ScriptPlayer.Shared\ScriptPlayer.Shared.csproj", "{E6533970-6370-4CDE-B7A8-A9E3F15BF26A}"
EndProject
Project("{FAE04EC0-301F-11D3-BF4B-00C04F79EFBC}") = "ScriptPlayer.VideoSync", "ScriptPlayer.VideoSync\ScriptPlayer.VideoSync.csproj", "{BEE60612-1A46-4B2E-BE17-F8637D824E6A}"
EndProject
Project("{FAE04EC0-301F-11D3-BF4B-00C04F79EFBC}") = "ScriptPlayer.Indexer", "ScriptPlayer.Indexer\ScriptPlayer.Indexer.csproj", "{A52023B7-FA63-4B66-A54E-8F64D2499CDA}"
EndProject
Project("{FAE04EC0-301F-11D3-BF4B-00C04F79EFBC}") = "ScriptPlayer.DockTest", "ScriptPlayer.DockTest\ScriptPlayer.DockTest.csproj", "{324F45E3-5A1D-497A-BEB0-38954BD728A0}"
EndProject
Project("{FAE04EC0-301F-11D3-BF4B-00C04F79EFBC}") = "ScriptPlayer.LoaderTester", "ScriptPlayer.LoaderTester\ScriptPlayer.LoaderTester.csproj", "{06000E2E-5EDA-4842-A38B-A085D38D48D6}"
EndProject
Project("{2150E333-8FDC-42A3-9474-1A3956D46DE8}") = "Tests", "Tests", "{3AEBCCE0-665A-4A01-A8F8-96286E9152CA}"
EndProject
Project("{FAE04EC0-301F-11D3-BF4B-00C04F79EFBC}") = "ScriptPlayer.BundleHelper", "ScriptPlayer.BundleHelper\ScriptPlayer.BundleHelper.csproj", "{ED54B52F-C37C-4783-96E2-A07E799A1426}"
EndProject
Project("{FAE04EC0-301F-11D3-BF4B-00C04F79EFBC}") = "ScriptPlayer.BeatFileChecker", "ScriptPlayer.BeatFileChecker\ScriptPlayer.BeatFileChecker.csproj", "{C23A6B8F-4D6A-4D87-8E3A-4D131AB36445}"
EndProject
Project("{FAE04EC0-301F-11D3-BF4B-00C04F79EFBC}") = "AwesomeReader", "AwesomeReader\AwesomeReader.csproj", "{FBA169B6-A187-4DEB-8AA5-C170EF3D74BA}"
EndProject
Global
	GlobalSection(SolutionConfigurationPlatforms) = preSolution
		Debug_Ubuntu|Any CPU = Debug_Ubuntu|Any CPU
		Debug_Ubuntu|ARM = Debug_Ubuntu|ARM
		Debug_Ubuntu|x64 = Debug_Ubuntu|x64
		Debug_Ubuntu|x86 = Debug_Ubuntu|x86
		Debug|Any CPU = Debug|Any CPU
		Debug|ARM = Debug|ARM
		Debug|x64 = Debug|x64
		Debug|x86 = Debug|x86
		Release_Ubuntu|Any CPU = Release_Ubuntu|Any CPU
		Release_Ubuntu|ARM = Release_Ubuntu|ARM
		Release_Ubuntu|x64 = Release_Ubuntu|x64
		Release_Ubuntu|x86 = Release_Ubuntu|x86
		Release|Any CPU = Release|Any CPU
		Release|ARM = Release|ARM
		Release|x64 = Release|x64
		Release|x86 = Release|x86
	EndGlobalSection
	GlobalSection(ProjectConfigurationPlatforms) = postSolution
		{9B1B8C89-4AFE-47D4-B834-41673A672DDE}.Debug_Ubuntu|Any CPU.ActiveCfg = Debug|Any CPU
		{9B1B8C89-4AFE-47D4-B834-41673A672DDE}.Debug_Ubuntu|Any CPU.Build.0 = Debug|Any CPU
		{9B1B8C89-4AFE-47D4-B834-41673A672DDE}.Debug_Ubuntu|ARM.ActiveCfg = Debug|Any CPU
		{9B1B8C89-4AFE-47D4-B834-41673A672DDE}.Debug_Ubuntu|ARM.Build.0 = Debug|Any CPU
		{9B1B8C89-4AFE-47D4-B834-41673A672DDE}.Debug_Ubuntu|x64.ActiveCfg = Debug|Any CPU
		{9B1B8C89-4AFE-47D4-B834-41673A672DDE}.Debug_Ubuntu|x64.Build.0 = Debug|Any CPU
		{9B1B8C89-4AFE-47D4-B834-41673A672DDE}.Debug_Ubuntu|x86.ActiveCfg = Debug|Any CPU
		{9B1B8C89-4AFE-47D4-B834-41673A672DDE}.Debug_Ubuntu|x86.Build.0 = Debug|Any CPU
		{9B1B8C89-4AFE-47D4-B834-41673A672DDE}.Debug|Any CPU.ActiveCfg = Debug|Any CPU
		{9B1B8C89-4AFE-47D4-B834-41673A672DDE}.Debug|Any CPU.Build.0 = Debug|Any CPU
		{9B1B8C89-4AFE-47D4-B834-41673A672DDE}.Debug|ARM.ActiveCfg = Debug|Any CPU
		{9B1B8C89-4AFE-47D4-B834-41673A672DDE}.Debug|ARM.Build.0 = Debug|Any CPU
		{9B1B8C89-4AFE-47D4-B834-41673A672DDE}.Debug|x64.ActiveCfg = Debug|Any CPU
		{9B1B8C89-4AFE-47D4-B834-41673A672DDE}.Debug|x64.Build.0 = Debug|Any CPU
		{9B1B8C89-4AFE-47D4-B834-41673A672DDE}.Debug|x86.ActiveCfg = Debug|Any CPU
		{9B1B8C89-4AFE-47D4-B834-41673A672DDE}.Debug|x86.Build.0 = Debug|Any CPU
		{9B1B8C89-4AFE-47D4-B834-41673A672DDE}.Release_Ubuntu|Any CPU.ActiveCfg = Release|Any CPU
		{9B1B8C89-4AFE-47D4-B834-41673A672DDE}.Release_Ubuntu|Any CPU.Build.0 = Release|Any CPU
		{9B1B8C89-4AFE-47D4-B834-41673A672DDE}.Release_Ubuntu|ARM.ActiveCfg = Release|Any CPU
		{9B1B8C89-4AFE-47D4-B834-41673A672DDE}.Release_Ubuntu|ARM.Build.0 = Release|Any CPU
		{9B1B8C89-4AFE-47D4-B834-41673A672DDE}.Release_Ubuntu|x64.ActiveCfg = Release|Any CPU
		{9B1B8C89-4AFE-47D4-B834-41673A672DDE}.Release_Ubuntu|x64.Build.0 = Release|Any CPU
		{9B1B8C89-4AFE-47D4-B834-41673A672DDE}.Release_Ubuntu|x86.ActiveCfg = Release|Any CPU
		{9B1B8C89-4AFE-47D4-B834-41673A672DDE}.Release_Ubuntu|x86.Build.0 = Release|Any CPU
		{9B1B8C89-4AFE-47D4-B834-41673A672DDE}.Release|Any CPU.ActiveCfg = Release|Any CPU
		{9B1B8C89-4AFE-47D4-B834-41673A672DDE}.Release|Any CPU.Build.0 = Release|Any CPU
		{9B1B8C89-4AFE-47D4-B834-41673A672DDE}.Release|ARM.ActiveCfg = Release|Any CPU
		{9B1B8C89-4AFE-47D4-B834-41673A672DDE}.Release|ARM.Build.0 = Release|Any CPU
		{9B1B8C89-4AFE-47D4-B834-41673A672DDE}.Release|x64.ActiveCfg = Release|Any CPU
		{9B1B8C89-4AFE-47D4-B834-41673A672DDE}.Release|x64.Build.0 = Release|Any CPU
		{9B1B8C89-4AFE-47D4-B834-41673A672DDE}.Release|x86.ActiveCfg = Release|Any CPU
		{9B1B8C89-4AFE-47D4-B834-41673A672DDE}.Release|x86.Build.0 = Release|Any CPU
		{E84B3690-356B-4916-BE6F-859C0D893B0D}.Debug_Ubuntu|Any CPU.ActiveCfg = Debug|Any CPU
		{E84B3690-356B-4916-BE6F-859C0D893B0D}.Debug_Ubuntu|Any CPU.Build.0 = Debug|Any CPU
		{E84B3690-356B-4916-BE6F-859C0D893B0D}.Debug_Ubuntu|ARM.ActiveCfg = Debug|Any CPU
		{E84B3690-356B-4916-BE6F-859C0D893B0D}.Debug_Ubuntu|ARM.Build.0 = Debug|Any CPU
		{E84B3690-356B-4916-BE6F-859C0D893B0D}.Debug_Ubuntu|x64.ActiveCfg = Debug|Any CPU
		{E84B3690-356B-4916-BE6F-859C0D893B0D}.Debug_Ubuntu|x64.Build.0 = Debug|Any CPU
		{E84B3690-356B-4916-BE6F-859C0D893B0D}.Debug_Ubuntu|x86.ActiveCfg = Debug|Any CPU
		{E84B3690-356B-4916-BE6F-859C0D893B0D}.Debug_Ubuntu|x86.Build.0 = Debug|Any CPU
		{E84B3690-356B-4916-BE6F-859C0D893B0D}.Debug|Any CPU.ActiveCfg = Debug|Any CPU
		{E84B3690-356B-4916-BE6F-859C0D893B0D}.Debug|ARM.ActiveCfg = Debug|Any CPU
		{E84B3690-356B-4916-BE6F-859C0D893B0D}.Debug|ARM.Build.0 = Debug|Any CPU
		{E84B3690-356B-4916-BE6F-859C0D893B0D}.Debug|x64.ActiveCfg = Debug|Any CPU
		{E84B3690-356B-4916-BE6F-859C0D893B0D}.Debug|x86.ActiveCfg = Debug|Any CPU
		{E84B3690-356B-4916-BE6F-859C0D893B0D}.Debug|x86.Build.0 = Debug|Any CPU
		{E84B3690-356B-4916-BE6F-859C0D893B0D}.Release_Ubuntu|Any CPU.ActiveCfg = Release|Any CPU
		{E84B3690-356B-4916-BE6F-859C0D893B0D}.Release_Ubuntu|Any CPU.Build.0 = Release|Any CPU
		{E84B3690-356B-4916-BE6F-859C0D893B0D}.Release_Ubuntu|ARM.ActiveCfg = Release|Any CPU
		{E84B3690-356B-4916-BE6F-859C0D893B0D}.Release_Ubuntu|ARM.Build.0 = Release|Any CPU
		{E84B3690-356B-4916-BE6F-859C0D893B0D}.Release_Ubuntu|x64.ActiveCfg = Release|Any CPU
		{E84B3690-356B-4916-BE6F-859C0D893B0D}.Release_Ubuntu|x64.Build.0 = Release|Any CPU
		{E84B3690-356B-4916-BE6F-859C0D893B0D}.Release_Ubuntu|x86.ActiveCfg = Release|Any CPU
		{E84B3690-356B-4916-BE6F-859C0D893B0D}.Release_Ubuntu|x86.Build.0 = Release|Any CPU
		{E84B3690-356B-4916-BE6F-859C0D893B0D}.Release|Any CPU.ActiveCfg = Release|Any CPU
		{E84B3690-356B-4916-BE6F-859C0D893B0D}.Release|ARM.ActiveCfg = Release|Any CPU
		{E84B3690-356B-4916-BE6F-859C0D893B0D}.Release|ARM.Build.0 = Release|Any CPU
		{E84B3690-356B-4916-BE6F-859C0D893B0D}.Release|x64.ActiveCfg = Release|Any CPU
		{E84B3690-356B-4916-BE6F-859C0D893B0D}.Release|x86.ActiveCfg = Release|Any CPU
		{E84B3690-356B-4916-BE6F-859C0D893B0D}.Release|x86.Build.0 = Release|Any CPU
		{E6533970-6370-4CDE-B7A8-A9E3F15BF26A}.Debug_Ubuntu|Any CPU.ActiveCfg = Debug|Any CPU
		{E6533970-6370-4CDE-B7A8-A9E3F15BF26A}.Debug_Ubuntu|Any CPU.Build.0 = Debug|Any CPU
		{E6533970-6370-4CDE-B7A8-A9E3F15BF26A}.Debug_Ubuntu|ARM.ActiveCfg = Debug|Any CPU
		{E6533970-6370-4CDE-B7A8-A9E3F15BF26A}.Debug_Ubuntu|ARM.Build.0 = Debug|Any CPU
		{E6533970-6370-4CDE-B7A8-A9E3F15BF26A}.Debug_Ubuntu|x64.ActiveCfg = Debug|Any CPU
		{E6533970-6370-4CDE-B7A8-A9E3F15BF26A}.Debug_Ubuntu|x64.Build.0 = Debug|Any CPU
		{E6533970-6370-4CDE-B7A8-A9E3F15BF26A}.Debug_Ubuntu|x86.ActiveCfg = Debug|Any CPU
		{E6533970-6370-4CDE-B7A8-A9E3F15BF26A}.Debug_Ubuntu|x86.Build.0 = Debug|Any CPU
		{E6533970-6370-4CDE-B7A8-A9E3F15BF26A}.Debug|Any CPU.ActiveCfg = Debug|Any CPU
		{E6533970-6370-4CDE-B7A8-A9E3F15BF26A}.Debug|Any CPU.Build.0 = Debug|Any CPU
		{E6533970-6370-4CDE-B7A8-A9E3F15BF26A}.Debug|ARM.ActiveCfg = Debug|Any CPU
		{E6533970-6370-4CDE-B7A8-A9E3F15BF26A}.Debug|ARM.Build.0 = Debug|Any CPU
		{E6533970-6370-4CDE-B7A8-A9E3F15BF26A}.Debug|x64.ActiveCfg = Debug|Any CPU
		{E6533970-6370-4CDE-B7A8-A9E3F15BF26A}.Debug|x64.Build.0 = Debug|Any CPU
		{E6533970-6370-4CDE-B7A8-A9E3F15BF26A}.Debug|x86.ActiveCfg = Debug|Any CPU
		{E6533970-6370-4CDE-B7A8-A9E3F15BF26A}.Debug|x86.Build.0 = Debug|Any CPU
		{E6533970-6370-4CDE-B7A8-A9E3F15BF26A}.Release_Ubuntu|Any CPU.ActiveCfg = Release|Any CPU
		{E6533970-6370-4CDE-B7A8-A9E3F15BF26A}.Release_Ubuntu|Any CPU.Build.0 = Release|Any CPU
		{E6533970-6370-4CDE-B7A8-A9E3F15BF26A}.Release_Ubuntu|ARM.ActiveCfg = Release|Any CPU
		{E6533970-6370-4CDE-B7A8-A9E3F15BF26A}.Release_Ubuntu|ARM.Build.0 = Release|Any CPU
		{E6533970-6370-4CDE-B7A8-A9E3F15BF26A}.Release_Ubuntu|x64.ActiveCfg = Release|Any CPU
		{E6533970-6370-4CDE-B7A8-A9E3F15BF26A}.Release_Ubuntu|x64.Build.0 = Release|Any CPU
		{E6533970-6370-4CDE-B7A8-A9E3F15BF26A}.Release_Ubuntu|x86.ActiveCfg = Release|Any CPU
		{E6533970-6370-4CDE-B7A8-A9E3F15BF26A}.Release_Ubuntu|x86.Build.0 = Release|Any CPU
		{E6533970-6370-4CDE-B7A8-A9E3F15BF26A}.Release|Any CPU.ActiveCfg = Release|Any CPU
		{E6533970-6370-4CDE-B7A8-A9E3F15BF26A}.Release|Any CPU.Build.0 = Release|Any CPU
		{E6533970-6370-4CDE-B7A8-A9E3F15BF26A}.Release|ARM.ActiveCfg = Release|Any CPU
		{E6533970-6370-4CDE-B7A8-A9E3F15BF26A}.Release|ARM.Build.0 = Release|Any CPU
		{E6533970-6370-4CDE-B7A8-A9E3F15BF26A}.Release|x64.ActiveCfg = Release|Any CPU
		{E6533970-6370-4CDE-B7A8-A9E3F15BF26A}.Release|x64.Build.0 = Release|Any CPU
		{E6533970-6370-4CDE-B7A8-A9E3F15BF26A}.Release|x86.ActiveCfg = Release|Any CPU
		{E6533970-6370-4CDE-B7A8-A9E3F15BF26A}.Release|x86.Build.0 = Release|Any CPU
		{BEE60612-1A46-4B2E-BE17-F8637D824E6A}.Debug_Ubuntu|Any CPU.ActiveCfg = Debug|Any CPU
		{BEE60612-1A46-4B2E-BE17-F8637D824E6A}.Debug_Ubuntu|Any CPU.Build.0 = Debug|Any CPU
		{BEE60612-1A46-4B2E-BE17-F8637D824E6A}.Debug_Ubuntu|ARM.ActiveCfg = Debug|Any CPU
		{BEE60612-1A46-4B2E-BE17-F8637D824E6A}.Debug_Ubuntu|ARM.Build.0 = Debug|Any CPU
		{BEE60612-1A46-4B2E-BE17-F8637D824E6A}.Debug_Ubuntu|x64.ActiveCfg = Debug|Any CPU
		{BEE60612-1A46-4B2E-BE17-F8637D824E6A}.Debug_Ubuntu|x64.Build.0 = Debug|Any CPU
		{BEE60612-1A46-4B2E-BE17-F8637D824E6A}.Debug_Ubuntu|x86.ActiveCfg = Debug|Any CPU
		{BEE60612-1A46-4B2E-BE17-F8637D824E6A}.Debug_Ubuntu|x86.Build.0 = Debug|Any CPU
		{BEE60612-1A46-4B2E-BE17-F8637D824E6A}.Debug|Any CPU.ActiveCfg = Debug|Any CPU
		{BEE60612-1A46-4B2E-BE17-F8637D824E6A}.Debug|Any CPU.Build.0 = Debug|Any CPU
		{BEE60612-1A46-4B2E-BE17-F8637D824E6A}.Debug|ARM.ActiveCfg = Debug|Any CPU
		{BEE60612-1A46-4B2E-BE17-F8637D824E6A}.Debug|ARM.Build.0 = Debug|Any CPU
		{BEE60612-1A46-4B2E-BE17-F8637D824E6A}.Debug|x64.ActiveCfg = Debug|Any CPU
		{BEE60612-1A46-4B2E-BE17-F8637D824E6A}.Debug|x64.Build.0 = Debug|Any CPU
		{BEE60612-1A46-4B2E-BE17-F8637D824E6A}.Debug|x86.ActiveCfg = Debug|Any CPU
		{BEE60612-1A46-4B2E-BE17-F8637D824E6A}.Debug|x86.Build.0 = Debug|Any CPU
		{BEE60612-1A46-4B2E-BE17-F8637D824E6A}.Release_Ubuntu|Any CPU.ActiveCfg = Release|Any CPU
		{BEE60612-1A46-4B2E-BE17-F8637D824E6A}.Release_Ubuntu|Any CPU.Build.0 = Release|Any CPU
		{BEE60612-1A46-4B2E-BE17-F8637D824E6A}.Release_Ubuntu|ARM.ActiveCfg = Release|Any CPU
		{BEE60612-1A46-4B2E-BE17-F8637D824E6A}.Release_Ubuntu|ARM.Build.0 = Release|Any CPU
		{BEE60612-1A46-4B2E-BE17-F8637D824E6A}.Release_Ubuntu|x64.ActiveCfg = Release|Any CPU
		{BEE60612-1A46-4B2E-BE17-F8637D824E6A}.Release_Ubuntu|x64.Build.0 = Release|Any CPU
		{BEE60612-1A46-4B2E-BE17-F8637D824E6A}.Release_Ubuntu|x86.ActiveCfg = Release|Any CPU
		{BEE60612-1A46-4B2E-BE17-F8637D824E6A}.Release_Ubuntu|x86.Build.0 = Release|Any CPU
		{BEE60612-1A46-4B2E-BE17-F8637D824E6A}.Release|Any CPU.ActiveCfg = Release|Any CPU
		{BEE60612-1A46-4B2E-BE17-F8637D824E6A}.Release|Any CPU.Build.0 = Release|Any CPU
		{BEE60612-1A46-4B2E-BE17-F8637D824E6A}.Release|ARM.ActiveCfg = Release|Any CPU
		{BEE60612-1A46-4B2E-BE17-F8637D824E6A}.Release|ARM.Build.0 = Release|Any CPU
		{BEE60612-1A46-4B2E-BE17-F8637D824E6A}.Release|x64.ActiveCfg = Release|Any CPU
		{BEE60612-1A46-4B2E-BE17-F8637D824E6A}.Release|x64.Build.0 = Release|Any CPU
		{BEE60612-1A46-4B2E-BE17-F8637D824E6A}.Release|x86.ActiveCfg = Release|Any CPU
		{BEE60612-1A46-4B2E-BE17-F8637D824E6A}.Release|x86.Build.0 = Release|Any CPU
		{A52023B7-FA63-4B66-A54E-8F64D2499CDA}.Debug_Ubuntu|Any CPU.ActiveCfg = Debug|Any CPU
		{A52023B7-FA63-4B66-A54E-8F64D2499CDA}.Debug_Ubuntu|Any CPU.Build.0 = Debug|Any CPU
		{A52023B7-FA63-4B66-A54E-8F64D2499CDA}.Debug_Ubuntu|ARM.ActiveCfg = Debug|Any CPU
		{A52023B7-FA63-4B66-A54E-8F64D2499CDA}.Debug_Ubuntu|ARM.Build.0 = Debug|Any CPU
		{A52023B7-FA63-4B66-A54E-8F64D2499CDA}.Debug_Ubuntu|x64.ActiveCfg = Debug|Any CPU
		{A52023B7-FA63-4B66-A54E-8F64D2499CDA}.Debug_Ubuntu|x64.Build.0 = Debug|Any CPU
		{A52023B7-FA63-4B66-A54E-8F64D2499CDA}.Debug_Ubuntu|x86.ActiveCfg = Debug|Any CPU
		{A52023B7-FA63-4B66-A54E-8F64D2499CDA}.Debug_Ubuntu|x86.Build.0 = Debug|Any CPU
		{A52023B7-FA63-4B66-A54E-8F64D2499CDA}.Debug|Any CPU.ActiveCfg = Debug|Any CPU
		{A52023B7-FA63-4B66-A54E-8F64D2499CDA}.Debug|ARM.ActiveCfg = Debug|Any CPU
		{A52023B7-FA63-4B66-A54E-8F64D2499CDA}.Debug|ARM.Build.0 = Debug|Any CPU
		{A52023B7-FA63-4B66-A54E-8F64D2499CDA}.Debug|x64.ActiveCfg = Debug|Any CPU
		{A52023B7-FA63-4B66-A54E-8F64D2499CDA}.Debug|x86.ActiveCfg = Debug|Any CPU
		{A52023B7-FA63-4B66-A54E-8F64D2499CDA}.Debug|x86.Build.0 = Debug|Any CPU
		{A52023B7-FA63-4B66-A54E-8F64D2499CDA}.Release_Ubuntu|Any CPU.ActiveCfg = Release|Any CPU
		{A52023B7-FA63-4B66-A54E-8F64D2499CDA}.Release_Ubuntu|Any CPU.Build.0 = Release|Any CPU
		{A52023B7-FA63-4B66-A54E-8F64D2499CDA}.Release_Ubuntu|ARM.ActiveCfg = Release|Any CPU
		{A52023B7-FA63-4B66-A54E-8F64D2499CDA}.Release_Ubuntu|ARM.Build.0 = Release|Any CPU
		{A52023B7-FA63-4B66-A54E-8F64D2499CDA}.Release_Ubuntu|x64.ActiveCfg = Release|Any CPU
		{A52023B7-FA63-4B66-A54E-8F64D2499CDA}.Release_Ubuntu|x64.Build.0 = Release|Any CPU
		{A52023B7-FA63-4B66-A54E-8F64D2499CDA}.Release_Ubuntu|x86.ActiveCfg = Release|Any CPU
		{A52023B7-FA63-4B66-A54E-8F64D2499CDA}.Release_Ubuntu|x86.Build.0 = Release|Any CPU
		{A52023B7-FA63-4B66-A54E-8F64D2499CDA}.Release|Any CPU.ActiveCfg = Release|Any CPU
		{A52023B7-FA63-4B66-A54E-8F64D2499CDA}.Release|ARM.ActiveCfg = Release|Any CPU
		{A52023B7-FA63-4B66-A54E-8F64D2499CDA}.Release|ARM.Build.0 = Release|Any CPU
		{A52023B7-FA63-4B66-A54E-8F64D2499CDA}.Release|x64.ActiveCfg = Release|Any CPU
		{A52023B7-FA63-4B66-A54E-8F64D2499CDA}.Release|x86.ActiveCfg = Release|Any CPU
		{A52023B7-FA63-4B66-A54E-8F64D2499CDA}.Release|x86.Build.0 = Release|Any CPU
		{324F45E3-5A1D-497A-BEB0-38954BD728A0}.Debug_Ubuntu|Any CPU.ActiveCfg = Debug|Any CPU
		{324F45E3-5A1D-497A-BEB0-38954BD728A0}.Debug_Ubuntu|Any CPU.Build.0 = Debug|Any CPU
		{324F45E3-5A1D-497A-BEB0-38954BD728A0}.Debug_Ubuntu|ARM.ActiveCfg = Debug|Any CPU
		{324F45E3-5A1D-497A-BEB0-38954BD728A0}.Debug_Ubuntu|ARM.Build.0 = Debug|Any CPU
		{324F45E3-5A1D-497A-BEB0-38954BD728A0}.Debug_Ubuntu|x64.ActiveCfg = Debug|Any CPU
		{324F45E3-5A1D-497A-BEB0-38954BD728A0}.Debug_Ubuntu|x64.Build.0 = Debug|Any CPU
		{324F45E3-5A1D-497A-BEB0-38954BD728A0}.Debug_Ubuntu|x86.ActiveCfg = Debug|Any CPU
		{324F45E3-5A1D-497A-BEB0-38954BD728A0}.Debug_Ubuntu|x86.Build.0 = Debug|Any CPU
		{324F45E3-5A1D-497A-BEB0-38954BD728A0}.Debug|Any CPU.ActiveCfg = Debug|Any CPU
		{324F45E3-5A1D-497A-BEB0-38954BD728A0}.Debug|ARM.ActiveCfg = Debug|Any CPU
		{324F45E3-5A1D-497A-BEB0-38954BD728A0}.Debug|ARM.Build.0 = Debug|Any CPU
		{324F45E3-5A1D-497A-BEB0-38954BD728A0}.Debug|x64.ActiveCfg = Debug|Any CPU
		{324F45E3-5A1D-497A-BEB0-38954BD728A0}.Debug|x86.ActiveCfg = Debug|Any CPU
		{324F45E3-5A1D-497A-BEB0-38954BD728A0}.Debug|x86.Build.0 = Debug|Any CPU
		{324F45E3-5A1D-497A-BEB0-38954BD728A0}.Release_Ubuntu|Any CPU.ActiveCfg = Release|Any CPU
		{324F45E3-5A1D-497A-BEB0-38954BD728A0}.Release_Ubuntu|Any CPU.Build.0 = Release|Any CPU
		{324F45E3-5A1D-497A-BEB0-38954BD728A0}.Release_Ubuntu|ARM.ActiveCfg = Release|Any CPU
		{324F45E3-5A1D-497A-BEB0-38954BD728A0}.Release_Ubuntu|ARM.Build.0 = Release|Any CPU
		{324F45E3-5A1D-497A-BEB0-38954BD728A0}.Release_Ubuntu|x64.ActiveCfg = Release|Any CPU
		{324F45E3-5A1D-497A-BEB0-38954BD728A0}.Release_Ubuntu|x64.Build.0 = Release|Any CPU
		{324F45E3-5A1D-497A-BEB0-38954BD728A0}.Release_Ubuntu|x86.ActiveCfg = Release|Any CPU
		{324F45E3-5A1D-497A-BEB0-38954BD728A0}.Release_Ubuntu|x86.Build.0 = Release|Any CPU
		{324F45E3-5A1D-497A-BEB0-38954BD728A0}.Release|Any CPU.ActiveCfg = Release|Any CPU
		{324F45E3-5A1D-497A-BEB0-38954BD728A0}.Release|ARM.ActiveCfg = Release|Any CPU
		{324F45E3-5A1D-497A-BEB0-38954BD728A0}.Release|ARM.Build.0 = Release|Any CPU
		{324F45E3-5A1D-497A-BEB0-38954BD728A0}.Release|x64.ActiveCfg = Release|Any CPU
		{324F45E3-5A1D-497A-BEB0-38954BD728A0}.Release|x86.ActiveCfg = Release|Any CPU
		{324F45E3-5A1D-497A-BEB0-38954BD728A0}.Release|x86.Build.0 = Release|Any CPU
		{06000E2E-5EDA-4842-A38B-A085D38D48D6}.Debug_Ubuntu|Any CPU.ActiveCfg = Debug|Any CPU
		{06000E2E-5EDA-4842-A38B-A085D38D48D6}.Debug_Ubuntu|Any CPU.Build.0 = Debug|Any CPU
		{06000E2E-5EDA-4842-A38B-A085D38D48D6}.Debug_Ubuntu|ARM.ActiveCfg = Debug|Any CPU
		{06000E2E-5EDA-4842-A38B-A085D38D48D6}.Debug_Ubuntu|ARM.Build.0 = Debug|Any CPU
		{06000E2E-5EDA-4842-A38B-A085D38D48D6}.Debug_Ubuntu|x64.ActiveCfg = Debug|Any CPU
		{06000E2E-5EDA-4842-A38B-A085D38D48D6}.Debug_Ubuntu|x64.Build.0 = Debug|Any CPU
		{06000E2E-5EDA-4842-A38B-A085D38D48D6}.Debug_Ubuntu|x86.ActiveCfg = Debug|Any CPU
		{06000E2E-5EDA-4842-A38B-A085D38D48D6}.Debug_Ubuntu|x86.Build.0 = Debug|Any CPU
		{06000E2E-5EDA-4842-A38B-A085D38D48D6}.Debug|Any CPU.ActiveCfg = Debug|Any CPU
		{06000E2E-5EDA-4842-A38B-A085D38D48D6}.Debug|ARM.ActiveCfg = Debug|Any CPU
		{06000E2E-5EDA-4842-A38B-A085D38D48D6}.Debug|ARM.Build.0 = Debug|Any CPU
		{06000E2E-5EDA-4842-A38B-A085D38D48D6}.Debug|x64.ActiveCfg = Debug|Any CPU
		{06000E2E-5EDA-4842-A38B-A085D38D48D6}.Debug|x86.ActiveCfg = Debug|Any CPU
		{06000E2E-5EDA-4842-A38B-A085D38D48D6}.Debug|x86.Build.0 = Debug|Any CPU
		{06000E2E-5EDA-4842-A38B-A085D38D48D6}.Release_Ubuntu|Any CPU.ActiveCfg = Release|Any CPU
		{06000E2E-5EDA-4842-A38B-A085D38D48D6}.Release_Ubuntu|Any CPU.Build.0 = Release|Any CPU
		{06000E2E-5EDA-4842-A38B-A085D38D48D6}.Release_Ubuntu|ARM.ActiveCfg = Release|Any CPU
		{06000E2E-5EDA-4842-A38B-A085D38D48D6}.Release_Ubuntu|ARM.Build.0 = Release|Any CPU
		{06000E2E-5EDA-4842-A38B-A085D38D48D6}.Release_Ubuntu|x64.ActiveCfg = Release|Any CPU
		{06000E2E-5EDA-4842-A38B-A085D38D48D6}.Release_Ubuntu|x64.Build.0 = Release|Any CPU
		{06000E2E-5EDA-4842-A38B-A085D38D48D6}.Release_Ubuntu|x86.ActiveCfg = Release|Any CPU
		{06000E2E-5EDA-4842-A38B-A085D38D48D6}.Release_Ubuntu|x86.Build.0 = Release|Any CPU
		{06000E2E-5EDA-4842-A38B-A085D38D48D6}.Release|Any CPU.ActiveCfg = Release|Any CPU
		{06000E2E-5EDA-4842-A38B-A085D38D48D6}.Release|ARM.ActiveCfg = Release|Any CPU
		{06000E2E-5EDA-4842-A38B-A085D38D48D6}.Release|ARM.Build.0 = Release|Any CPU
		{06000E2E-5EDA-4842-A38B-A085D38D48D6}.Release|x64.ActiveCfg = Release|Any CPU
		{06000E2E-5EDA-4842-A38B-A085D38D48D6}.Release|x86.ActiveCfg = Release|Any CPU
		{06000E2E-5EDA-4842-A38B-A085D38D48D6}.Release|x86.Build.0 = Release|Any CPU
		{ED54B52F-C37C-4783-96E2-A07E799A1426}.Debug_Ubuntu|Any CPU.ActiveCfg = Debug|Any CPU
		{ED54B52F-C37C-4783-96E2-A07E799A1426}.Debug_Ubuntu|Any CPU.Build.0 = Debug|Any CPU
		{ED54B52F-C37C-4783-96E2-A07E799A1426}.Debug_Ubuntu|ARM.ActiveCfg = Debug|Any CPU
		{ED54B52F-C37C-4783-96E2-A07E799A1426}.Debug_Ubuntu|ARM.Build.0 = Debug|Any CPU
		{ED54B52F-C37C-4783-96E2-A07E799A1426}.Debug_Ubuntu|x64.ActiveCfg = Debug|Any CPU
		{ED54B52F-C37C-4783-96E2-A07E799A1426}.Debug_Ubuntu|x64.Build.0 = Debug|Any CPU
		{ED54B52F-C37C-4783-96E2-A07E799A1426}.Debug_Ubuntu|x86.ActiveCfg = Debug|Any CPU
		{ED54B52F-C37C-4783-96E2-A07E799A1426}.Debug_Ubuntu|x86.Build.0 = Debug|Any CPU
		{ED54B52F-C37C-4783-96E2-A07E799A1426}.Debug|Any CPU.ActiveCfg = Debug|Any CPU
		{ED54B52F-C37C-4783-96E2-A07E799A1426}.Debug|ARM.ActiveCfg = Debug|Any CPU
		{ED54B52F-C37C-4783-96E2-A07E799A1426}.Debug|ARM.Build.0 = Debug|Any CPU
		{ED54B52F-C37C-4783-96E2-A07E799A1426}.Debug|x64.ActiveCfg = Debug|Any CPU
		{ED54B52F-C37C-4783-96E2-A07E799A1426}.Debug|x86.ActiveCfg = Debug|Any CPU
		{ED54B52F-C37C-4783-96E2-A07E799A1426}.Debug|x86.Build.0 = Debug|Any CPU
		{ED54B52F-C37C-4783-96E2-A07E799A1426}.Release_Ubuntu|Any CPU.ActiveCfg = Release|Any CPU
		{ED54B52F-C37C-4783-96E2-A07E799A1426}.Release_Ubuntu|Any CPU.Build.0 = Release|Any CPU
		{ED54B52F-C37C-4783-96E2-A07E799A1426}.Release_Ubuntu|ARM.ActiveCfg = Release|Any CPU
		{ED54B52F-C37C-4783-96E2-A07E799A1426}.Release_Ubuntu|ARM.Build.0 = Release|Any CPU
		{ED54B52F-C37C-4783-96E2-A07E799A1426}.Release_Ubuntu|x64.ActiveCfg = Release|Any CPU
		{ED54B52F-C37C-4783-96E2-A07E799A1426}.Release_Ubuntu|x64.Build.0 = Release|Any CPU
		{ED54B52F-C37C-4783-96E2-A07E799A1426}.Release_Ubuntu|x86.ActiveCfg = Release|Any CPU
		{ED54B52F-C37C-4783-96E2-A07E799A1426}.Release_Ubuntu|x86.Build.0 = Release|Any CPU
		{ED54B52F-C37C-4783-96E2-A07E799A1426}.Release|Any CPU.ActiveCfg = Release|Any CPU
		{ED54B52F-C37C-4783-96E2-A07E799A1426}.Release|ARM.ActiveCfg = Release|Any CPU
		{ED54B52F-C37C-4783-96E2-A07E799A1426}.Release|ARM.Build.0 = Release|Any CPU
		{ED54B52F-C37C-4783-96E2-A07E799A1426}.Release|x64.ActiveCfg = Release|Any CPU
		{ED54B52F-C37C-4783-96E2-A07E799A1426}.Release|x86.ActiveCfg = Release|Any CPU
		{ED54B52F-C37C-4783-96E2-A07E799A1426}.Release|x86.Build.0 = Release|Any CPU
		{C23A6B8F-4D6A-4D87-8E3A-4D131AB36445}.Debug_Ubuntu|Any CPU.ActiveCfg = Debug|Any CPU
		{C23A6B8F-4D6A-4D87-8E3A-4D131AB36445}.Debug_Ubuntu|Any CPU.Build.0 = Debug|Any CPU
		{C23A6B8F-4D6A-4D87-8E3A-4D131AB36445}.Debug_Ubuntu|ARM.ActiveCfg = Debug|Any CPU
		{C23A6B8F-4D6A-4D87-8E3A-4D131AB36445}.Debug_Ubuntu|ARM.Build.0 = Debug|Any CPU
		{C23A6B8F-4D6A-4D87-8E3A-4D131AB36445}.Debug_Ubuntu|x64.ActiveCfg = Debug|Any CPU
		{C23A6B8F-4D6A-4D87-8E3A-4D131AB36445}.Debug_Ubuntu|x64.Build.0 = Debug|Any CPU
		{C23A6B8F-4D6A-4D87-8E3A-4D131AB36445}.Debug_Ubuntu|x86.ActiveCfg = Debug|Any CPU
		{C23A6B8F-4D6A-4D87-8E3A-4D131AB36445}.Debug_Ubuntu|x86.Build.0 = Debug|Any CPU
		{C23A6B8F-4D6A-4D87-8E3A-4D131AB36445}.Debug|Any CPU.ActiveCfg = Debug|Any CPU
		{C23A6B8F-4D6A-4D87-8E3A-4D131AB36445}.Debug|ARM.ActiveCfg = Debug|Any CPU
		{C23A6B8F-4D6A-4D87-8E3A-4D131AB36445}.Debug|ARM.Build.0 = Debug|Any CPU
		{C23A6B8F-4D6A-4D87-8E3A-4D131AB36445}.Debug|x64.ActiveCfg = Debug|Any CPU
		{C23A6B8F-4D6A-4D87-8E3A-4D131AB36445}.Debug|x86.ActiveCfg = Debug|Any CPU
		{C23A6B8F-4D6A-4D87-8E3A-4D131AB36445}.Debug|x86.Build.0 = Debug|Any CPU
		{C23A6B8F-4D6A-4D87-8E3A-4D131AB36445}.Release_Ubuntu|Any CPU.ActiveCfg = Release|Any CPU
		{C23A6B8F-4D6A-4D87-8E3A-4D131AB36445}.Release_Ubuntu|Any CPU.Build.0 = Release|Any CPU
		{C23A6B8F-4D6A-4D87-8E3A-4D131AB36445}.Release_Ubuntu|ARM.ActiveCfg = Release|Any CPU
		{C23A6B8F-4D6A-4D87-8E3A-4D131AB36445}.Release_Ubuntu|ARM.Build.0 = Release|Any CPU
		{C23A6B8F-4D6A-4D87-8E3A-4D131AB36445}.Release_Ubuntu|x64.ActiveCfg = Release|Any CPU
		{C23A6B8F-4D6A-4D87-8E3A-4D131AB36445}.Release_Ubuntu|x64.Build.0 = Release|Any CPU
		{C23A6B8F-4D6A-4D87-8E3A-4D131AB36445}.Release_Ubuntu|x86.ActiveCfg = Release|Any CPU
		{C23A6B8F-4D6A-4D87-8E3A-4D131AB36445}.Release_Ubuntu|x86.Build.0 = Release|Any CPU
		{C23A6B8F-4D6A-4D87-8E3A-4D131AB36445}.Release|Any CPU.ActiveCfg = Release|Any CPU
		{C23A6B8F-4D6A-4D87-8E3A-4D131AB36445}.Release|ARM.ActiveCfg = Release|Any CPU
		{C23A6B8F-4D6A-4D87-8E3A-4D131AB36445}.Release|ARM.Build.0 = Release|Any CPU
		{C23A6B8F-4D6A-4D87-8E3A-4D131AB36445}.Release|x64.ActiveCfg = Release|Any CPU
		{C23A6B8F-4D6A-4D87-8E3A-4D131AB36445}.Release|x86.ActiveCfg = Release|Any CPU
		{C23A6B8F-4D6A-4D87-8E3A-4D131AB36445}.Release|x86.Build.0 = Release|Any CPU
		{FBA169B6-A187-4DEB-8AA5-C170EF3D74BA}.Debug_Ubuntu|Any CPU.ActiveCfg = Debug|Any CPU
		{FBA169B6-A187-4DEB-8AA5-C170EF3D74BA}.Debug_Ubuntu|Any CPU.Build.0 = Debug|Any CPU
		{FBA169B6-A187-4DEB-8AA5-C170EF3D74BA}.Debug_Ubuntu|ARM.ActiveCfg = Debug|Any CPU
		{FBA169B6-A187-4DEB-8AA5-C170EF3D74BA}.Debug_Ubuntu|ARM.Build.0 = Debug|Any CPU
		{FBA169B6-A187-4DEB-8AA5-C170EF3D74BA}.Debug_Ubuntu|x64.ActiveCfg = Debug|Any CPU
		{FBA169B6-A187-4DEB-8AA5-C170EF3D74BA}.Debug_Ubuntu|x64.Build.0 = Debug|Any CPU
		{FBA169B6-A187-4DEB-8AA5-C170EF3D74BA}.Debug_Ubuntu|x86.ActiveCfg = Debug|Any CPU
		{FBA169B6-A187-4DEB-8AA5-C170EF3D74BA}.Debug_Ubuntu|x86.Build.0 = Debug|Any CPU
		{FBA169B6-A187-4DEB-8AA5-C170EF3D74BA}.Debug|Any CPU.ActiveCfg = Debug|Any CPU
		{FBA169B6-A187-4DEB-8AA5-C170EF3D74BA}.Debug|ARM.ActiveCfg = Debug|Any CPU
		{FBA169B6-A187-4DEB-8AA5-C170EF3D74BA}.Debug|ARM.Build.0 = Debug|Any CPU
		{FBA169B6-A187-4DEB-8AA5-C170EF3D74BA}.Debug|x64.ActiveCfg = Debug|Any CPU
		{FBA169B6-A187-4DEB-8AA5-C170EF3D74BA}.Debug|x86.ActiveCfg = Debug|Any CPU
		{FBA169B6-A187-4DEB-8AA5-C170EF3D74BA}.Debug|x86.Build.0 = Debug|Any CPU
		{FBA169B6-A187-4DEB-8AA5-C170EF3D74BA}.Release_Ubuntu|Any CPU.ActiveCfg = Release|Any CPU
		{FBA169B6-A187-4DEB-8AA5-C170EF3D74BA}.Release_Ubuntu|Any CPU.Build.0 = Release|Any CPU
		{FBA169B6-A187-4DEB-8AA5-C170EF3D74BA}.Release_Ubuntu|ARM.ActiveCfg = Release|Any CPU
		{FBA169B6-A187-4DEB-8AA5-C170EF3D74BA}.Release_Ubuntu|ARM.Build.0 = Release|Any CPU
		{FBA169B6-A187-4DEB-8AA5-C170EF3D74BA}.Release_Ubuntu|x64.ActiveCfg = Release|Any CPU
		{FBA169B6-A187-4DEB-8AA5-C170EF3D74BA}.Release_Ubuntu|x64.Build.0 = Release|Any CPU
		{FBA169B6-A187-4DEB-8AA5-C170EF3D74BA}.Release_Ubuntu|x86.ActiveCfg = Release|Any CPU
		{FBA169B6-A187-4DEB-8AA5-C170EF3D74BA}.Release_Ubuntu|x86.Build.0 = Release|Any CPU
		{FBA169B6-A187-4DEB-8AA5-C170EF3D74BA}.Release|Any CPU.ActiveCfg = Release|Any CPU
		{FBA169B6-A187-4DEB-8AA5-C170EF3D74BA}.Release|ARM.ActiveCfg = Release|Any CPU
		{FBA169B6-A187-4DEB-8AA5-C170EF3D74BA}.Release|ARM.Build.0 = Release|Any CPU
		{FBA169B6-A187-4DEB-8AA5-C170EF3D74BA}.Release|x64.ActiveCfg = Release|Any CPU
		{FBA169B6-A187-4DEB-8AA5-C170EF3D74BA}.Release|x86.ActiveCfg = Release|Any CPU
		{FBA169B6-A187-4DEB-8AA5-C170EF3D74BA}.Release|x86.Build.0 = Release|Any CPU
	EndGlobalSection
	GlobalSection(SolutionProperties) = preSolution
		HideSolutionNode = FALSE
	EndGlobalSection
	GlobalSection(NestedProjects) = preSolution
		{E84B3690-356B-4916-BE6F-859C0D893B0D} = {3AEBCCE0-665A-4A01-A8F8-96286E9152CA}
		{A52023B7-FA63-4B66-A54E-8F64D2499CDA} = {3AEBCCE0-665A-4A01-A8F8-96286E9152CA}
		{324F45E3-5A1D-497A-BEB0-38954BD728A0} = {3AEBCCE0-665A-4A01-A8F8-96286E9152CA}
		{06000E2E-5EDA-4842-A38B-A085D38D48D6} = {3AEBCCE0-665A-4A01-A8F8-96286E9152CA}
		{ED54B52F-C37C-4783-96E2-A07E799A1426} = {3AEBCCE0-665A-4A01-A8F8-96286E9152CA}
		{C23A6B8F-4D6A-4D87-8E3A-4D131AB36445} = {3AEBCCE0-665A-4A01-A8F8-96286E9152CA}
		{FBA169B6-A187-4DEB-8AA5-C170EF3D74BA} = {3AEBCCE0-665A-4A01-A8F8-96286E9152CA}
	EndGlobalSection
	GlobalSection(ExtensibilityGlobals) = postSolution
		SolutionGuid = {98D19ADF-D5FD-4F19-A31D-3E776E73A79E}
	EndGlobalSection
	GlobalSection(Performance) = preSolution
		HasPerformanceSessions = true
	EndGlobalSection
EndGlobal
