
Microsoft Visual Studio Solution File, Format Version 12.00
# Visual Studio 15
VisualStudioVersion = 15.0.27130.2027
MinimumVisualStudioVersion = 10.0.40219.1
Project("{FAE04EC0-301F-11D3-BF4B-00C04F79EFBC}") = "ScriptPlayer", "ScriptPlayer\ScriptPlayer.csproj", "{9B1B8C89-4AFE-47D4-B834-41673A672DDE}"
EndProject
Project("{FAE04EC0-301F-11D3-BF4B-00C04F79EFBC}") = "ScriptPlayer.Shared", "ScriptPlayer.Shared\ScriptPlayer.Shared.csproj", "{E6533970-6370-4CDE-B7A8-A9E3F15BF26A}"
EndProject
Project("{FAE04EC0-301F-11D3-BF4B-00C04F79EFBC}") = "ScriptPlayer.VideoSync", "ScriptPlayer.VideoSync\ScriptPlayer.VideoSync.csproj", "{BEE60612-1A46-4B2E-BE17-F8637D824E6A}"
EndProject
Project("{FAE04EC0-301F-11D3-BF4B-00C04F79EFBC}") = "ScriptPlayer.Cli", "ScriptPlayer.Cli\ScriptPlayer.Cli.csproj", "{964F1B7A-E938-4F4C-8CF8-BC7D92716342}"
EndProject
Project("{FAE04EC0-301F-11D3-BF4B-00C04F79EFBC}") = "ScriptPlayer.Ipc", "ScriptPlayer.Ipc\ScriptPlayer.Ipc.csproj", "{1C299420-2055-48D6-8DB7-E297709CC9D3}"
EndProject
Project("{FAE04EC0-301F-11D3-BF4B-00C04F79EFBC}") = "ScriptPlayer.Console", "ScriptPlayer.Console\ScriptPlayer.Console.csproj", "{DA12535F-08A2-49C2-8F93-616521E30D2D}"
EndProject
Project("{9A19103F-16F7-4668-BE54-9A1E7A4F7556}") = "MK312WifiLibDotNet", "MK312WifiDotNetLib\MK312WifiLibDotNet.csproj", "{6541D0E3-9075-4F35-AF79-943F8B695BBB}"
EndProject
Project("{FAE04EC0-301F-11D3-BF4B-00C04F79EFBC}") = "ScriptPlayer.HandyAPIv2Playground", "ScriptPlayer.HandyAPIv2Playground\ScriptPlayer.HandyAPIv2Playground.csproj", "{BCE2D457-5EDD-4147-B733-44FC3D7F8E0B}"
EndProject
Global
	GlobalSection(SolutionConfigurationPlatforms) = preSolution
		Debug_Ubuntu|Any CPU = Debug_Ubuntu|Any CPU
		Debug_Ubuntu|ARM = Debug_Ubuntu|ARM
		Debug_Ubuntu|x64 = Debug_Ubuntu|x64
		Debug_Ubuntu|x86 = Debug_Ubuntu|x86
		Debug|Any CPU = Debug|Any CPU
		Debug|ARM = Debug|ARM
		Debug|x64 = Debug|x64
		Debug|x86 = Debug|x86
		Release_Ubuntu|Any CPU = Release_Ubuntu|Any CPU
		Release_Ubuntu|ARM = Release_Ubuntu|ARM
		Release_Ubuntu|x64 = Release_Ubuntu|x64
		Release_Ubuntu|x86 = Release_Ubuntu|x86
		Release|Any CPU = Release|Any CPU
		Release|ARM = Release|ARM
		Release|x64 = Release|x64
		Release|x86 = Release|x86
	EndGlobalSection
	GlobalSection(ProjectConfigurationPlatforms) = postSolution
		{9B1B8C89-4AFE-47D4-B834-41673A672DDE}.Debug_Ubuntu|Any CPU.ActiveCfg = Debug|Any CPU
		{9B1B8C89-4AFE-47D4-B834-41673A672DDE}.Debug_Ubuntu|Any CPU.Build.0 = Debug|Any CPU
		{9B1B8C89-4AFE-47D4-B834-41673A672DDE}.Debug_Ubuntu|ARM.ActiveCfg = Debug|Any CPU
		{9B1B8C89-4AFE-47D4-B834-41673A672DDE}.Debug_Ubuntu|ARM.Build.0 = Debug|Any CPU
		{9B1B8C89-4AFE-47D4-B834-41673A672DDE}.Debug_Ubuntu|x64.ActiveCfg = Debug|Any CPU
		{9B1B8C89-4AFE-47D4-B834-41673A672DDE}.Debug_Ubuntu|x64.Build.0 = Debug|Any CPU
		{9B1B8C89-4AFE-47D4-B834-41673A672DDE}.Debug_Ubuntu|x86.ActiveCfg = Debug|Any CPU
		{9B1B8C89-4AFE-47D4-B834-41673A672DDE}.Debug_Ubuntu|x86.Build.0 = Debug|Any CPU
		{9B1B8C89-4AFE-47D4-B834-41673A672DDE}.Debug|Any CPU.ActiveCfg = Debug|Any CPU
		{9B1B8C89-4AFE-47D4-B834-41673A672DDE}.Debug|Any CPU.Build.0 = Debug|Any CPU
		{9B1B8C89-4AFE-47D4-B834-41673A672DDE}.Debug|ARM.ActiveCfg = Debug|Any CPU
		{9B1B8C89-4AFE-47D4-B834-41673A672DDE}.Debug|ARM.Build.0 = Debug|Any CPU
		{9B1B8C89-4AFE-47D4-B834-41673A672DDE}.Debug|x64.ActiveCfg = Debug|Any CPU
		{9B1B8C89-4AFE-47D4-B834-41673A672DDE}.Debug|x64.Build.0 = Debug|Any CPU
		{9B1B8C89-4AFE-47D4-B834-41673A672DDE}.Debug|x86.ActiveCfg = Debug|Any CPU
		{9B1B8C89-4AFE-47D4-B834-41673A672DDE}.Debug|x86.Build.0 = Debug|Any CPU
		{9B1B8C89-4AFE-47D4-B834-41673A672DDE}.Release_Ubuntu|Any CPU.ActiveCfg = Release|Any CPU
		{9B1B8C89-4AFE-47D4-B834-41673A672DDE}.Release_Ubuntu|Any CPU.Build.0 = Release|Any CPU
		{9B1B8C89-4AFE-47D4-B834-41673A672DDE}.Release_Ubuntu|ARM.ActiveCfg = Release|Any CPU
		{9B1B8C89-4AFE-47D4-B834-41673A672DDE}.Release_Ubuntu|ARM.Build.0 = Release|Any CPU
		{9B1B8C89-4AFE-47D4-B834-41673A672DDE}.Release_Ubuntu|x64.ActiveCfg = Release|Any CPU
		{9B1B8C89-4AFE-47D4-B834-41673A672DDE}.Release_Ubuntu|x64.Build.0 = Release|Any CPU
		{9B1B8C89-4AFE-47D4-B834-41673A672DDE}.Release_Ubuntu|x86.ActiveCfg = Release|Any CPU
		{9B1B8C89-4AFE-47D4-B834-41673A672DDE}.Release_Ubuntu|x86.Build.0 = Release|Any CPU
		{9B1B8C89-4AFE-47D4-B834-41673A672DDE}.Release|Any CPU.ActiveCfg = Release|Any CPU
		{9B1B8C89-4AFE-47D4-B834-41673A672DDE}.Release|Any CPU.Build.0 = Release|Any CPU
		{9B1B8C89-4AFE-47D4-B834-41673A672DDE}.Release|ARM.ActiveCfg = Release|Any CPU
		{9B1B8C89-4AFE-47D4-B834-41673A672DDE}.Release|ARM.Build.0 = Release|Any CPU
		{9B1B8C89-4AFE-47D4-B834-41673A672DDE}.Release|x64.ActiveCfg = Release|Any CPU
		{9B1B8C89-4AFE-47D4-B834-41673A672DDE}.Release|x64.Build.0 = Release|Any CPU
		{9B1B8C89-4AFE-47D4-B834-41673A672DDE}.Release|x86.ActiveCfg = Release|Any CPU
		{9B1B8C89-4AFE-47D4-B834-41673A672DDE}.Release|x86.Build.0 = Release|Any CPU
		{E6533970-6370-4CDE-B7A8-A9E3F15BF26A}.Debug_Ubuntu|Any CPU.ActiveCfg = Debug|Any CPU
		{E6533970-6370-4CDE-B7A8-A9E3F15BF26A}.Debug_Ubuntu|Any CPU.Build.0 = Debug|Any CPU
		{E6533970-6370-4CDE-B7A8-A9E3F15BF26A}.Debug_Ubuntu|ARM.ActiveCfg = Debug|Any CPU
		{E6533970-6370-4CDE-B7A8-A9E3F15BF26A}.Debug_Ubuntu|ARM.Build.0 = Debug|Any CPU
		{E6533970-6370-4CDE-B7A8-A9E3F15BF26A}.Debug_Ubuntu|x64.ActiveCfg = Debug|Any CPU
		{E6533970-6370-4CDE-B7A8-A9E3F15BF26A}.Debug_Ubuntu|x64.Build.0 = Debug|Any CPU
		{E6533970-6370-4CDE-B7A8-A9E3F15BF26A}.Debug_Ubuntu|x86.ActiveCfg = Debug|Any CPU
		{E6533970-6370-4CDE-B7A8-A9E3F15BF26A}.Debug_Ubuntu|x86.Build.0 = Debug|Any CPU
		{E6533970-6370-4CDE-B7A8-A9E3F15BF26A}.Debug|Any CPU.ActiveCfg = Debug|Any CPU
		{E6533970-6370-4CDE-B7A8-A9E3F15BF26A}.Debug|Any CPU.Build.0 = Debug|Any CPU
		{E6533970-6370-4CDE-B7A8-A9E3F15BF26A}.Debug|ARM.ActiveCfg = Debug|Any CPU
		{E6533970-6370-4CDE-B7A8-A9E3F15BF26A}.Debug|ARM.Build.0 = Debug|Any CPU
		{E6533970-6370-4CDE-B7A8-A9E3F15BF26A}.Debug|x64.ActiveCfg = Debug|Any CPU
		{E6533970-6370-4CDE-B7A8-A9E3F15BF26A}.Debug|x64.Build.0 = Debug|Any CPU
		{E6533970-6370-4CDE-B7A8-A9E3F15BF26A}.Debug|x86.ActiveCfg = Debug|Any CPU
		{E6533970-6370-4CDE-B7A8-A9E3F15BF26A}.Debug|x86.Build.0 = Debug|Any CPU
		{E6533970-6370-4CDE-B7A8-A9E3F15BF26A}.Release_Ubuntu|Any CPU.ActiveCfg = Release|Any CPU
		{E6533970-6370-4CDE-B7A8-A9E3F15BF26A}.Release_Ubuntu|Any CPU.Build.0 = Release|Any CPU
		{E6533970-6370-4CDE-B7A8-A9E3F15BF26A}.Release_Ubuntu|ARM.ActiveCfg = Release|Any CPU
		{E6533970-6370-4CDE-B7A8-A9E3F15BF26A}.Release_Ubuntu|ARM.Build.0 = Release|Any CPU
		{E6533970-6370-4CDE-B7A8-A9E3F15BF26A}.Release_Ubuntu|x64.ActiveCfg = Release|Any CPU
		{E6533970-6370-4CDE-B7A8-A9E3F15BF26A}.Release_Ubuntu|x64.Build.0 = Release|Any CPU
		{E6533970-6370-4CDE-B7A8-A9E3F15BF26A}.Release_Ubuntu|x86.ActiveCfg = Release|Any CPU
		{E6533970-6370-4CDE-B7A8-A9E3F15BF26A}.Release_Ubuntu|x86.Build.0 = Release|Any CPU
		{E6533970-6370-4CDE-B7A8-A9E3F15BF26A}.Release|Any CPU.ActiveCfg = Release|Any CPU
		{E6533970-6370-4CDE-B7A8-A9E3F15BF26A}.Release|Any CPU.Build.0 = Release|Any CPU
		{E6533970-6370-4CDE-B7A8-A9E3F15BF26A}.Release|ARM.ActiveCfg = Release|Any CPU
		{E6533970-6370-4CDE-B7A8-A9E3F15BF26A}.Release|ARM.Build.0 = Release|Any CPU
		{E6533970-6370-4CDE-B7A8-A9E3F15BF26A}.Release|x64.ActiveCfg = Release|Any CPU
		{E6533970-6370-4CDE-B7A8-A9E3F15BF26A}.Release|x64.Build.0 = Release|Any CPU
		{E6533970-6370-4CDE-B7A8-A9E3F15BF26A}.Release|x86.ActiveCfg = Release|Any CPU
		{E6533970-6370-4CDE-B7A8-A9E3F15BF26A}.Release|x86.Build.0 = Release|Any CPU
		{BEE60612-1A46-4B2E-BE17-F8637D824E6A}.Debug_Ubuntu|Any CPU.ActiveCfg = Debug|Any CPU
		{BEE60612-1A46-4B2E-BE17-F8637D824E6A}.Debug_Ubuntu|Any CPU.Build.0 = Debug|Any CPU
		{BEE60612-1A46-4B2E-BE17-F8637D824E6A}.Debug_Ubuntu|ARM.ActiveCfg = Debug|Any CPU
		{BEE60612-1A46-4B2E-BE17-F8637D824E6A}.Debug_Ubuntu|ARM.Build.0 = Debug|Any CPU
		{BEE60612-1A46-4B2E-BE17-F8637D824E6A}.Debug_Ubuntu|x64.ActiveCfg = Debug|Any CPU
		{BEE60612-1A46-4B2E-BE17-F8637D824E6A}.Debug_Ubuntu|x64.Build.0 = Debug|Any CPU
		{BEE60612-1A46-4B2E-BE17-F8637D824E6A}.Debug_Ubuntu|x86.ActiveCfg = Debug|Any CPU
		{BEE60612-1A46-4B2E-BE17-F8637D824E6A}.Debug_Ubuntu|x86.Build.0 = Debug|Any CPU
		{BEE60612-1A46-4B2E-BE17-F8637D824E6A}.Debug|Any CPU.ActiveCfg = Debug|Any CPU
		{BEE60612-1A46-4B2E-BE17-F8637D824E6A}.Debug|Any CPU.Build.0 = Debug|Any CPU
		{BEE60612-1A46-4B2E-BE17-F8637D824E6A}.Debug|ARM.ActiveCfg = Debug|Any CPU
		{BEE60612-1A46-4B2E-BE17-F8637D824E6A}.Debug|ARM.Build.0 = Debug|Any CPU
		{BEE60612-1A46-4B2E-BE17-F8637D824E6A}.Debug|x64.ActiveCfg = Debug|Any CPU
		{BEE60612-1A46-4B2E-BE17-F8637D824E6A}.Debug|x64.Build.0 = Debug|Any CPU
		{BEE60612-1A46-4B2E-BE17-F8637D824E6A}.Debug|x86.ActiveCfg = Debug|Any CPU
		{BEE60612-1A46-4B2E-BE17-F8637D824E6A}.Debug|x86.Build.0 = Debug|Any CPU
		{BEE60612-1A46-4B2E-BE17-F8637D824E6A}.Release_Ubuntu|Any CPU.ActiveCfg = Release|Any CPU
		{BEE60612-1A46-4B2E-BE17-F8637D824E6A}.Release_Ubuntu|Any CPU.Build.0 = Release|Any CPU
		{BEE60612-1A46-4B2E-BE17-F8637D824E6A}.Release_Ubuntu|ARM.ActiveCfg = Release|Any CPU
		{BEE60612-1A46-4B2E-BE17-F8637D824E6A}.Release_Ubuntu|ARM.Build.0 = Release|Any CPU
		{BEE60612-1A46-4B2E-BE17-F8637D824E6A}.Release_Ubuntu|x64.ActiveCfg = Release|Any CPU
		{BEE60612-1A46-4B2E-BE17-F8637D824E6A}.Release_Ubuntu|x64.Build.0 = Release|Any CPU
		{BEE60612-1A46-4B2E-BE17-F8637D824E6A}.Release_Ubuntu|x86.ActiveCfg = Release|Any CPU
		{BEE60612-1A46-4B2E-BE17-F8637D824E6A}.Release_Ubuntu|x86.Build.0 = Release|Any CPU
		{BEE60612-1A46-4B2E-BE17-F8637D824E6A}.Release|Any CPU.ActiveCfg = Release|Any CPU
		{BEE60612-1A46-4B2E-BE17-F8637D824E6A}.Release|Any CPU.Build.0 = Release|Any CPU
		{BEE60612-1A46-4B2E-BE17-F8637D824E6A}.Release|ARM.ActiveCfg = Release|Any CPU
		{BEE60612-1A46-4B2E-BE17-F8637D824E6A}.Release|ARM.Build.0 = Release|Any CPU
		{BEE60612-1A46-4B2E-BE17-F8637D824E6A}.Release|x64.ActiveCfg = Release|Any CPU
		{BEE60612-1A46-4B2E-BE17-F8637D824E6A}.Release|x64.Build.0 = Release|Any CPU
		{BEE60612-1A46-4B2E-BE17-F8637D824E6A}.Release|x86.ActiveCfg = Release|Any CPU
		{BEE60612-1A46-4B2E-BE17-F8637D824E6A}.Release|x86.Build.0 = Release|Any CPU
		{964F1B7A-E938-4F4C-8CF8-BC7D92716342}.Debug_Ubuntu|Any CPU.ActiveCfg = Debug|Any CPU
		{964F1B7A-E938-4F4C-8CF8-BC7D92716342}.Debug_Ubuntu|Any CPU.Build.0 = Debug|Any CPU
		{964F1B7A-E938-4F4C-8CF8-BC7D92716342}.Debug_Ubuntu|ARM.ActiveCfg = Debug|Any CPU
		{964F1B7A-E938-4F4C-8CF8-BC7D92716342}.Debug_Ubuntu|ARM.Build.0 = Debug|Any CPU
		{964F1B7A-E938-4F4C-8CF8-BC7D92716342}.Debug_Ubuntu|x64.ActiveCfg = Debug|Any CPU
		{964F1B7A-E938-4F4C-8CF8-BC7D92716342}.Debug_Ubuntu|x64.Build.0 = Debug|Any CPU
		{964F1B7A-E938-4F4C-8CF8-BC7D92716342}.Debug_Ubuntu|x86.ActiveCfg = Debug|Any CPU
		{964F1B7A-E938-4F4C-8CF8-BC7D92716342}.Debug_Ubuntu|x86.Build.0 = Debug|Any CPU
		{964F1B7A-E938-4F4C-8CF8-BC7D92716342}.Debug|Any CPU.ActiveCfg = Debug|Any CPU
		{964F1B7A-E938-4F4C-8CF8-BC7D92716342}.Debug|Any CPU.Build.0 = Debug|Any CPU
		{964F1B7A-E938-4F4C-8CF8-BC7D92716342}.Debug|ARM.ActiveCfg = Debug|Any CPU
		{964F1B7A-E938-4F4C-8CF8-BC7D92716342}.Debug|ARM.Build.0 = Debug|Any CPU
		{964F1B7A-E938-4F4C-8CF8-BC7D92716342}.Debug|x64.ActiveCfg = Debug|Any CPU
		{964F1B7A-E938-4F4C-8CF8-BC7D92716342}.Debug|x64.Build.0 = Debug|Any CPU
		{964F1B7A-E938-4F4C-8CF8-BC7D92716342}.Debug|x86.ActiveCfg = Debug|Any CPU
		{964F1B7A-E938-4F4C-8CF8-BC7D92716342}.Debug|x86.Build.0 = Debug|Any CPU
		{964F1B7A-E938-4F4C-8CF8-BC7D92716342}.Release_Ubuntu|Any CPU.ActiveCfg = Release|Any CPU
		{964F1B7A-E938-4F4C-8CF8-BC7D92716342}.Release_Ubuntu|Any CPU.Build.0 = Release|Any CPU
		{964F1B7A-E938-4F4C-8CF8-BC7D92716342}.Release_Ubuntu|ARM.ActiveCfg = Release|Any CPU
		{964F1B7A-E938-4F4C-8CF8-BC7D92716342}.Release_Ubuntu|ARM.Build.0 = Release|Any CPU
		{964F1B7A-E938-4F4C-8CF8-BC7D92716342}.Release_Ubuntu|x64.ActiveCfg = Release|Any CPU
		{964F1B7A-E938-4F4C-8CF8-BC7D92716342}.Release_Ubuntu|x64.Build.0 = Release|Any CPU
		{964F1B7A-E938-4F4C-8CF8-BC7D92716342}.Release_Ubuntu|x86.ActiveCfg = Release|Any CPU
		{964F1B7A-E938-4F4C-8CF8-BC7D92716342}.Release_Ubuntu|x86.Build.0 = Release|Any CPU
		{964F1B7A-E938-4F4C-8CF8-BC7D92716342}.Release|Any CPU.ActiveCfg = Release|Any CPU
		{964F1B7A-E938-4F4C-8CF8-BC7D92716342}.Release|Any CPU.Build.0 = Release|Any CPU
		{964F1B7A-E938-4F4C-8CF8-BC7D92716342}.Release|ARM.ActiveCfg = Release|Any CPU
		{964F1B7A-E938-4F4C-8CF8-BC7D92716342}.Release|ARM.Build.0 = Release|Any CPU
		{964F1B7A-E938-4F4C-8CF8-BC7D92716342}.Release|x64.ActiveCfg = Release|Any CPU
		{964F1B7A-E938-4F4C-8CF8-BC7D92716342}.Release|x64.Build.0 = Release|Any CPU
		{964F1B7A-E938-4F4C-8CF8-BC7D92716342}.Release|x86.ActiveCfg = Release|Any CPU
		{964F1B7A-E938-4F4C-8CF8-BC7D92716342}.Release|x86.Build.0 = Release|Any CPU
		{1C299420-2055-48D6-8DB7-E297709CC9D3}.Debug_Ubuntu|Any CPU.ActiveCfg = Debug|Any CPU
		{1C299420-2055-48D6-8DB7-E297709CC9D3}.Debug_Ubuntu|Any CPU.Build.0 = Debug|Any CPU
		{1C299420-2055-48D6-8DB7-E297709CC9D3}.Debug_Ubuntu|ARM.ActiveCfg = Debug|Any CPU
		{1C299420-2055-48D6-8DB7-E297709CC9D3}.Debug_Ubuntu|ARM.Build.0 = Debug|Any CPU
		{1C299420-2055-48D6-8DB7-E297709CC9D3}.Debug_Ubuntu|x64.ActiveCfg = Debug|Any CPU
		{1C299420-2055-48D6-8DB7-E297709CC9D3}.Debug_Ubuntu|x64.Build.0 = Debug|Any CPU
		{1C299420-2055-48D6-8DB7-E297709CC9D3}.Debug_Ubuntu|x86.ActiveCfg = Debug|Any CPU
		{1C299420-2055-48D6-8DB7-E297709CC9D3}.Debug_Ubuntu|x86.Build.0 = Debug|Any CPU
		{1C299420-2055-48D6-8DB7-E297709CC9D3}.Debug|Any CPU.ActiveCfg = Debug|Any CPU
		{1C299420-2055-48D6-8DB7-E297709CC9D3}.Debug|Any CPU.Build.0 = Debug|Any CPU
		{1C299420-2055-48D6-8DB7-E297709CC9D3}.Debug|ARM.ActiveCfg = Debug|Any CPU
		{1C299420-2055-48D6-8DB7-E297709CC9D3}.Debug|ARM.Build.0 = Debug|Any CPU
		{1C299420-2055-48D6-8DB7-E297709CC9D3}.Debug|x64.ActiveCfg = Debug|Any CPU
		{1C299420-2055-48D6-8DB7-E297709CC9D3}.Debug|x64.Build.0 = Debug|Any CPU
		{1C299420-2055-48D6-8DB7-E297709CC9D3}.Debug|x86.ActiveCfg = Debug|Any CPU
		{1C299420-2055-48D6-8DB7-E297709CC9D3}.Debug|x86.Build.0 = Debug|Any CPU
		{1C299420-2055-48D6-8DB7-E297709CC9D3}.Release_Ubuntu|Any CPU.ActiveCfg = Release|Any CPU
		{1C299420-2055-48D6-8DB7-E297709CC9D3}.Release_Ubuntu|Any CPU.Build.0 = Release|Any CPU
		{1C299420-2055-48D6-8DB7-E297709CC9D3}.Release_Ubuntu|ARM.ActiveCfg = Release|Any CPU
		{1C299420-2055-48D6-8DB7-E297709CC9D3}.Release_Ubuntu|ARM.Build.0 = Release|Any CPU
		{1C299420-2055-48D6-8DB7-E297709CC9D3}.Release_Ubuntu|x64.ActiveCfg = Release|Any CPU
		{1C299420-2055-48D6-8DB7-E297709CC9D3}.Release_Ubuntu|x64.Build.0 = Release|Any CPU
		{1C299420-2055-48D6-8DB7-E297709CC9D3}.Release_Ubuntu|x86.ActiveCfg = Release|Any CPU
		{1C299420-2055-48D6-8DB7-E297709CC9D3}.Release_Ubuntu|x86.Build.0 = Release|Any CPU
		{1C299420-2055-48D6-8DB7-E297709CC9D3}.Release|Any CPU.ActiveCfg = Release|Any CPU
		{1C299420-2055-48D6-8DB7-E297709CC9D3}.Release|Any CPU.Build.0 = Release|Any CPU
		{1C299420-2055-48D6-8DB7-E297709CC9D3}.Release|ARM.ActiveCfg = Release|Any CPU
		{1C299420-2055-48D6-8DB7-E297709CC9D3}.Release|ARM.Build.0 = Release|Any CPU
		{1C299420-2055-48D6-8DB7-E297709CC9D3}.Release|x64.ActiveCfg = Release|Any CPU
		{1C299420-2055-48D6-8DB7-E297709CC9D3}.Release|x64.Build.0 = Release|Any CPU
		{1C299420-2055-48D6-8DB7-E297709CC9D3}.Release|x86.ActiveCfg = Release|Any CPU
		{1C299420-2055-48D6-8DB7-E297709CC9D3}.Release|x86.Build.0 = Release|Any CPU
		{DA12535F-08A2-49C2-8F93-616521E30D2D}.Debug_Ubuntu|Any CPU.ActiveCfg = Debug|Any CPU
		{DA12535F-08A2-49C2-8F93-616521E30D2D}.Debug_Ubuntu|Any CPU.Build.0 = Debug|Any CPU
		{DA12535F-08A2-49C2-8F93-616521E30D2D}.Debug_Ubuntu|ARM.ActiveCfg = Debug|Any CPU
		{DA12535F-08A2-49C2-8F93-616521E30D2D}.Debug_Ubuntu|ARM.Build.0 = Debug|Any CPU
		{DA12535F-08A2-49C2-8F93-616521E30D2D}.Debug_Ubuntu|x64.ActiveCfg = Debug|Any CPU
		{DA12535F-08A2-49C2-8F93-616521E30D2D}.Debug_Ubuntu|x64.Build.0 = Debug|Any CPU
		{DA12535F-08A2-49C2-8F93-616521E30D2D}.Debug_Ubuntu|x86.ActiveCfg = Debug|Any CPU
		{DA12535F-08A2-49C2-8F93-616521E30D2D}.Debug_Ubuntu|x86.Build.0 = Debug|Any CPU
		{DA12535F-08A2-49C2-8F93-616521E30D2D}.Debug|Any CPU.ActiveCfg = Debug|Any CPU
		{DA12535F-08A2-49C2-8F93-616521E30D2D}.Debug|Any CPU.Build.0 = Debug|Any CPU
		{DA12535F-08A2-49C2-8F93-616521E30D2D}.Debug|ARM.ActiveCfg = Debug|Any CPU
		{DA12535F-08A2-49C2-8F93-616521E30D2D}.Debug|ARM.Build.0 = Debug|Any CPU
		{DA12535F-08A2-49C2-8F93-616521E30D2D}.Debug|x64.ActiveCfg = Debug|Any CPU
		{DA12535F-08A2-49C2-8F93-616521E30D2D}.Debug|x64.Build.0 = Debug|Any CPU
		{DA12535F-08A2-49C2-8F93-616521E30D2D}.Debug|x86.ActiveCfg = Debug|Any CPU
		{DA12535F-08A2-49C2-8F93-616521E30D2D}.Debug|x86.Build.0 = Debug|Any CPU
		{DA12535F-08A2-49C2-8F93-616521E30D2D}.Release_Ubuntu|Any CPU.ActiveCfg = Release|Any CPU
		{DA12535F-08A2-49C2-8F93-616521E30D2D}.Release_Ubuntu|Any CPU.Build.0 = Release|Any CPU
		{DA12535F-08A2-49C2-8F93-616521E30D2D}.Release_Ubuntu|ARM.ActiveCfg = Release|Any CPU
		{DA12535F-08A2-49C2-8F93-616521E30D2D}.Release_Ubuntu|ARM.Build.0 = Release|Any CPU
		{DA12535F-08A2-49C2-8F93-616521E30D2D}.Release_Ubuntu|x64.ActiveCfg = Release|Any CPU
		{DA12535F-08A2-49C2-8F93-616521E30D2D}.Release_Ubuntu|x64.Build.0 = Release|Any CPU
		{DA12535F-08A2-49C2-8F93-616521E30D2D}.Release_Ubuntu|x86.ActiveCfg = Release|Any CPU
		{DA12535F-08A2-49C2-8F93-616521E30D2D}.Release_Ubuntu|x86.Build.0 = Release|Any CPU
		{DA12535F-08A2-49C2-8F93-616521E30D2D}.Release|Any CPU.ActiveCfg = Release|Any CPU
		{DA12535F-08A2-49C2-8F93-616521E30D2D}.Release|Any CPU.Build.0 = Release|Any CPU
		{DA12535F-08A2-49C2-8F93-616521E30D2D}.Release|ARM.ActiveCfg = Release|Any CPU
		{DA12535F-08A2-49C2-8F93-616521E30D2D}.Release|ARM.Build.0 = Release|Any CPU
		{DA12535F-08A2-49C2-8F93-616521E30D2D}.Release|x64.ActiveCfg = Release|Any CPU
		{DA12535F-08A2-49C2-8F93-616521E30D2D}.Release|x64.Build.0 = Release|Any CPU
		{DA12535F-08A2-49C2-8F93-616521E30D2D}.Release|x86.ActiveCfg = Release|Any CPU
		{DA12535F-08A2-49C2-8F93-616521E30D2D}.Release|x86.Build.0 = Release|Any CPU
		{6541D0E3-9075-4F35-AF79-943F8B695BBB}.Debug_Ubuntu|Any CPU.ActiveCfg = Debug|Any CPU
		{6541D0E3-9075-4F35-AF79-943F8B695BBB}.Debug_Ubuntu|Any CPU.Build.0 = Debug|Any CPU
		{6541D0E3-9075-4F35-AF79-943F8B695BBB}.Debug_Ubuntu|ARM.ActiveCfg = Debug|Any CPU
		{6541D0E3-9075-4F35-AF79-943F8B695BBB}.Debug_Ubuntu|ARM.Build.0 = Debug|Any CPU
		{6541D0E3-9075-4F35-AF79-943F8B695BBB}.Debug_Ubuntu|x64.ActiveCfg = Debug|Any CPU
		{6541D0E3-9075-4F35-AF79-943F8B695BBB}.Debug_Ubuntu|x64.Build.0 = Debug|Any CPU
		{6541D0E3-9075-4F35-AF79-943F8B695BBB}.Debug_Ubuntu|x86.ActiveCfg = Debug|Any CPU
		{6541D0E3-9075-4F35-AF79-943F8B695BBB}.Debug_Ubuntu|x86.Build.0 = Debug|Any CPU
		{6541D0E3-9075-4F35-AF79-943F8B695BBB}.Debug|Any CPU.ActiveCfg = Debug|Any CPU
		{6541D0E3-9075-4F35-AF79-943F8B695BBB}.Debug|Any CPU.Build.0 = Debug|Any CPU
		{6541D0E3-9075-4F35-AF79-943F8B695BBB}.Debug|ARM.ActiveCfg = Debug|Any CPU
		{6541D0E3-9075-4F35-AF79-943F8B695BBB}.Debug|ARM.Build.0 = Debug|Any CPU
		{6541D0E3-9075-4F35-AF79-943F8B695BBB}.Debug|x64.ActiveCfg = Debug|Any CPU
		{6541D0E3-9075-4F35-AF79-943F8B695BBB}.Debug|x64.Build.0 = Debug|Any CPU
		{6541D0E3-9075-4F35-AF79-943F8B695BBB}.Debug|x86.ActiveCfg = Debug|Any CPU
		{6541D0E3-9075-4F35-AF79-943F8B695BBB}.Debug|x86.Build.0 = Debug|Any CPU
		{6541D0E3-9075-4F35-AF79-943F8B695BBB}.Release_Ubuntu|Any CPU.ActiveCfg = Release|Any CPU
		{6541D0E3-9075-4F35-AF79-943F8B695BBB}.Release_Ubuntu|Any CPU.Build.0 = Release|Any CPU
		{6541D0E3-9075-4F35-AF79-943F8B695BBB}.Release_Ubuntu|ARM.ActiveCfg = Release|Any CPU
		{6541D0E3-9075-4F35-AF79-943F8B695BBB}.Release_Ubuntu|ARM.Build.0 = Release|Any CPU
		{6541D0E3-9075-4F35-AF79-943F8B695BBB}.Release_Ubuntu|x64.ActiveCfg = Release|Any CPU
		{6541D0E3-9075-4F35-AF79-943F8B695BBB}.Release_Ubuntu|x64.Build.0 = Release|Any CPU
		{6541D0E3-9075-4F35-AF79-943F8B695BBB}.Release_Ubuntu|x86.ActiveCfg = Release|Any CPU
		{6541D0E3-9075-4F35-AF79-943F8B695BBB}.Release_Ubuntu|x86.Build.0 = Release|Any CPU
		{6541D0E3-9075-4F35-AF79-943F8B695BBB}.Release|Any CPU.ActiveCfg = Release|Any CPU
		{6541D0E3-9075-4F35-AF79-943F8B695BBB}.Release|Any CPU.Build.0 = Release|Any CPU
		{6541D0E3-9075-4F35-AF79-943F8B695BBB}.Release|ARM.ActiveCfg = Release|Any CPU
		{6541D0E3-9075-4F35-AF79-943F8B695BBB}.Release|ARM.Build.0 = Release|Any CPU
		{6541D0E3-9075-4F35-AF79-943F8B695BBB}.Release|x64.ActiveCfg = Release|Any CPU
		{6541D0E3-9075-4F35-AF79-943F8B695BBB}.Release|x64.Build.0 = Release|Any CPU
		{6541D0E3-9075-4F35-AF79-943F8B695BBB}.Release|x86.ActiveCfg = Release|Any CPU
		{6541D0E3-9075-4F35-AF79-943F8B695BBB}.Release|x86.Build.0 = Release|Any CPU
		{BCE2D457-5EDD-4147-B733-44FC3D7F8E0B}.Debug_Ubuntu|Any CPU.ActiveCfg = Debug|Any CPU
		{BCE2D457-5EDD-4147-B733-44FC3D7F8E0B}.Debug_Ubuntu|Any CPU.Build.0 = Debug|Any CPU
		{BCE2D457-5EDD-4147-B733-44FC3D7F8E0B}.Debug_Ubuntu|ARM.ActiveCfg = Debug|Any CPU
		{BCE2D457-5EDD-4147-B733-44FC3D7F8E0B}.Debug_Ubuntu|ARM.Build.0 = Debug|Any CPU
		{BCE2D457-5EDD-4147-B733-44FC3D7F8E0B}.Debug_Ubuntu|x64.ActiveCfg = Debug|Any CPU
		{BCE2D457-5EDD-4147-B733-44FC3D7F8E0B}.Debug_Ubuntu|x64.Build.0 = Debug|Any CPU
		{BCE2D457-5EDD-4147-B733-44FC3D7F8E0B}.Debug_Ubuntu|x86.ActiveCfg = Debug|Any CPU
		{BCE2D457-5EDD-4147-B733-44FC3D7F8E0B}.Debug_Ubuntu|x86.Build.0 = Debug|Any CPU
		{BCE2D457-5EDD-4147-B733-44FC3D7F8E0B}.Debug|Any CPU.ActiveCfg = Debug|Any CPU
		{BCE2D457-5EDD-4147-B733-44FC3D7F8E0B}.Debug|Any CPU.Build.0 = Debug|Any CPU
		{BCE2D457-5EDD-4147-B733-44FC3D7F8E0B}.Debug|ARM.ActiveCfg = Debug|Any CPU
		{BCE2D457-5EDD-4147-B733-44FC3D7F8E0B}.Debug|ARM.Build.0 = Debug|Any CPU
		{BCE2D457-5EDD-4147-B733-44FC3D7F8E0B}.Debug|x64.ActiveCfg = Debug|Any CPU
		{BCE2D457-5EDD-4147-B733-44FC3D7F8E0B}.Debug|x64.Build.0 = Debug|Any CPU
		{BCE2D457-5EDD-4147-B733-44FC3D7F8E0B}.Debug|x86.ActiveCfg = Debug|Any CPU
		{BCE2D457-5EDD-4147-B733-44FC3D7F8E0B}.Debug|x86.Build.0 = Debug|Any CPU
		{BCE2D457-5EDD-4147-B733-44FC3D7F8E0B}.Release_Ubuntu|Any CPU.ActiveCfg = Release|Any CPU
		{BCE2D457-5EDD-4147-B733-44FC3D7F8E0B}.Release_Ubuntu|Any CPU.Build.0 = Release|Any CPU
		{BCE2D457-5EDD-4147-B733-44FC3D7F8E0B}.Release_Ubuntu|ARM.ActiveCfg = Release|Any CPU
		{BCE2D457-5EDD-4147-B733-44FC3D7F8E0B}.Release_Ubuntu|ARM.Build.0 = Release|Any CPU
		{BCE2D457-5EDD-4147-B733-44FC3D7F8E0B}.Release_Ubuntu|x64.ActiveCfg = Release|Any CPU
		{BCE2D457-5EDD-4147-B733-44FC3D7F8E0B}.Release_Ubuntu|x64.Build.0 = Release|Any CPU
		{BCE2D457-5EDD-4147-B733-44FC3D7F8E0B}.Release_Ubuntu|x86.ActiveCfg = Release|Any CPU
		{BCE2D457-5EDD-4147-B733-44FC3D7F8E0B}.Release_Ubuntu|x86.Build.0 = Release|Any CPU
		{BCE2D457-5EDD-4147-B733-44FC3D7F8E0B}.Release|Any CPU.ActiveCfg = Release|Any CPU
		{BCE2D457-5EDD-4147-B733-44FC3D7F8E0B}.Release|Any CPU.Build.0 = Release|Any CPU
		{BCE2D457-5EDD-4147-B733-44FC3D7F8E0B}.Release|ARM.ActiveCfg = Release|Any CPU
		{BCE2D457-5EDD-4147-B733-44FC3D7F8E0B}.Release|ARM.Build.0 = Release|Any CPU
		{BCE2D457-5EDD-4147-B733-44FC3D7F8E0B}.Release|x64.ActiveCfg = Release|Any CPU
		{BCE2D457-5EDD-4147-B733-44FC3D7F8E0B}.Release|x64.Build.0 = Release|Any CPU
		{BCE2D457-5EDD-4147-B733-44FC3D7F8E0B}.Release|x86.ActiveCfg = Release|Any CPU
		{BCE2D457-5EDD-4147-B733-44FC3D7F8E0B}.Release|x86.Build.0 = Release|Any CPU
	EndGlobalSection
	GlobalSection(SolutionProperties) = preSolution
		HideSolutionNode = FALSE
	EndGlobalSection
	GlobalSection(ExtensibilityGlobals) = postSolution
		SolutionGuid = {98D19ADF-D5FD-4F19-A31D-3E776E73A79E}
	EndGlobalSection
	GlobalSection(Performance) = preSolution
		HasPerformanceSessions = true
	EndGlobalSection
EndGlobal
